
Microsoft Visual Studio Solution File, Format Version 12.00
# Visual Studio Version 17
VisualStudioVersion = 17.5.33502.453
MinimumVisualStudioVersion = 10.0.40219.1
Project("{9A19103F-16F7-4668-BE54-9A1E7A4F7556}") = "CWRetails_API", "CWRetails_API\CWRetails_API.csproj", "{9722977A-33F3-47A1-BE18-69FFA99A00B3}"
EndProject
Project("{9A19103F-16F7-4668-BE54-9A1E7A4F7556}") = "CWRetails_Web", "CWRetails_Web\CWRetails_Web.csproj", "{AF4AB33A-930E-4424-8E7D-F71BA80E91D0}"
EndProject
Project("{9A19103F-16F7-4668-BE54-9A1E7A4F7556}") = "CWRetails_Utility", "CWRetails_Utility\CWRetails_Utility.csproj", "{44C76DFF-814B-420B-9617-3751C0629D99}"
EndProject
Project("{FAE04EC0-301F-11D3-BF4B-00C04F79EFBC}") = "CWRetails_Test", "CWRetails_Test\CWRetails_Test.csproj", "{996D5D59-A61A-42C4-9B22-56E28F2C2988}"
EndProject
Global
	GlobalSection(SolutionConfigurationPlatforms) = preSolution
		Debug|Any CPU = Debug|Any CPU
		Release|Any CPU = Release|Any CPU
	EndGlobalSection
	GlobalSection(ProjectConfigurationPlatforms) = postSolution
		{9722977A-33F3-47A1-BE18-69FFA99A00B3}.Debug|Any CPU.ActiveCfg = Debug|Any CPU
		{9722977A-33F3-47A1-BE18-69FFA99A00B3}.Debug|Any CPU.Build.0 = Debug|Any CPU
		{9722977A-33F3-47A1-BE18-69FFA99A00B3}.Release|Any CPU.ActiveCfg = Release|Any CPU
		{9722977A-33F3-47A1-BE18-69FFA99A00B3}.Release|Any CPU.Build.0 = Release|Any CPU
		{AF4AB33A-930E-4424-8E7D-F71BA80E91D0}.Debug|Any CPU.ActiveCfg = Debug|Any CPU
		{AF4AB33A-930E-4424-8E7D-F71BA80E91D0}.Debug|Any CPU.Build.0 = Debug|Any CPU
		{AF4AB33A-930E-4424-8E7D-F71BA80E91D0}.Release|Any CPU.ActiveCfg = Release|Any CPU
		{AF4AB33A-930E-4424-8E7D-F71BA80E91D0}.Release|Any CPU.Build.0 = Release|Any CPU
		{44C76DFF-814B-420B-9617-3751C0629D99}.Debug|Any CPU.ActiveCfg = Debug|Any CPU
		{44C76DFF-814B-420B-9617-3751C0629D99}.Debug|Any CPU.Build.0 = Debug|Any CPU
		{44C76DFF-814B-420B-9617-3751C0629D99}.Release|Any CPU.ActiveCfg = Release|Any CPU
		{44C76DFF-814B-420B-9617-3751C0629D99}.Release|Any CPU.Build.0 = Release|Any CPU
		{996D5D59-A61A-42C4-9B22-56E28F2C2988}.Debug|Any CPU.ActiveCfg = Debug|Any CPU
		{996D5D59-A61A-42C4-9B22-56E28F2C2988}.Debug|Any CPU.Build.0 = Debug|Any CPU
		{996D5D59-A61A-42C4-9B22-56E28F2C2988}.Release|Any CPU.ActiveCfg = Release|Any CPU
		{996D5D59-A61A-42C4-9B22-56E28F2C2988}.Release|Any CPU.Build.0 = Release|Any CPU
	EndGlobalSection
	GlobalSection(SolutionProperties) = preSolution
		HideSolutionNode = FALSE
	EndGlobalSection
	GlobalSection(ExtensibilityGlobals) = postSolution
		SolutionGuid = {6D34B11B-2B83-4ABE-B054-B247AE1471C6}
	EndGlobalSection
EndGlobal
